
Microsoft Visual Studio Solution File, Format Version 12.00
# Visual Studio Version 16
VisualStudioVersion = 16.0.29319.158
MinimumVisualStudioVersion = 10.0.40219.1
Project("{2150E333-8FDC-42A3-9474-1A3956D46DE8}") = "Solution Items", "Solution Items", "{BBC73188-F22A-4ECF-92E4-A5E078F29245}"
	ProjectSection(SolutionItems) = preProject
		LICENSE = LICENSE
		README.md = README.md
	EndProjectSection
EndProject
Project("{2150E333-8FDC-42A3-9474-1A3956D46DE8}") = "src", "src", "{6ED356A7-8B47-4613-AD01-C85CF28491BD}"
EndProject
Project("{2150E333-8FDC-42A3-9474-1A3956D46DE8}") = "tests", "tests", "{664D406C-2F83-48F0-BFC3-408D5CB53C65}"
EndProject
Project("{9A19103F-16F7-4668-BE54-9A1E7A4F7556}") = "Domain", "Domain\Domain.csproj", "{26EDAE29-4E8E-4468-9F07-09608AE7B88D}"
EndProject
Project("{9A19103F-16F7-4668-BE54-9A1E7A4F7556}") = "Application", "Application\Application.csproj", "{D76344F5-8A1C-4ACB-8738-8CCB2BC69984}"
EndProject
Project("{9A19103F-16F7-4668-BE54-9A1E7A4F7556}") = "Infrastructure.Repository", "Infrastructure\Infrastructure.Repository.csproj", "{9AA15447-9DF0-4B94-AF7C-A7DF83813138}"
EndProject
Project("{9A19103F-16F7-4668-BE54-9A1E7A4F7556}") = "WebApi", "WebApi\WebApi.csproj", "{F08789F3-9E0B-4069-BE68-720FD8BB629D}"
EndProject
Project("{FAE04EC0-301F-11D3-BF4B-00C04F79EFBC}") = "Presentation", "Presentation\Presentation.csproj", "{767F8787-594D-4532-9C73-E82C824BA100}"
EndProject
Project("{FAE04EC0-301F-11D3-BF4B-00C04F79EFBC}") = "Application.Tests", "Application.Tests\Application.Tests.csproj", "{416E9A21-6E63-473B-87B7-271542B0D4D9}"
EndProject
Project("{FAE04EC0-301F-11D3-BF4B-00C04F79EFBC}") = "Domain.Tests", "Domain.Tests\Domain.Tests.csproj", "{FDC9DA4D-EA29-442E-88A4-6284BEECA2D1}"
EndProject
Global
	GlobalSection(SolutionConfigurationPlatforms) = preSolution
		Debug|Any CPU = Debug|Any CPU
		Release|Any CPU = Release|Any CPU
	EndGlobalSection
	GlobalSection(ProjectConfigurationPlatforms) = postSolution
		{26EDAE29-4E8E-4468-9F07-09608AE7B88D}.Debug|Any CPU.ActiveCfg = Debug|Any CPU
		{26EDAE29-4E8E-4468-9F07-09608AE7B88D}.Debug|Any CPU.Build.0 = Debug|Any CPU
		{26EDAE29-4E8E-4468-9F07-09608AE7B88D}.Release|Any CPU.ActiveCfg = Release|Any CPU
		{26EDAE29-4E8E-4468-9F07-09608AE7B88D}.Release|Any CPU.Build.0 = Release|Any CPU
		{D76344F5-8A1C-4ACB-8738-8CCB2BC69984}.Debug|Any CPU.ActiveCfg = Debug|Any CPU
		{D76344F5-8A1C-4ACB-8738-8CCB2BC69984}.Debug|Any CPU.Build.0 = Debug|Any CPU
		{D76344F5-8A1C-4ACB-8738-8CCB2BC69984}.Release|Any CPU.ActiveCfg = Release|Any CPU
		{D76344F5-8A1C-4ACB-8738-8CCB2BC69984}.Release|Any CPU.Build.0 = Release|Any CPU
		{9AA15447-9DF0-4B94-AF7C-A7DF83813138}.Debug|Any CPU.ActiveCfg = Debug|Any CPU
		{9AA15447-9DF0-4B94-AF7C-A7DF83813138}.Debug|Any CPU.Build.0 = Debug|Any CPU
		{9AA15447-9DF0-4B94-AF7C-A7DF83813138}.Release|Any CPU.ActiveCfg = Release|Any CPU
		{9AA15447-9DF0-4B94-AF7C-A7DF83813138}.Release|Any CPU.Build.0 = Release|Any CPU
		{F08789F3-9E0B-4069-BE68-720FD8BB629D}.Debug|Any CPU.ActiveCfg = Debug|Any CPU
		{F08789F3-9E0B-4069-BE68-720FD8BB629D}.Debug|Any CPU.Build.0 = Debug|Any CPU
		{F08789F3-9E0B-4069-BE68-720FD8BB629D}.Release|Any CPU.ActiveCfg = Release|Any CPU
		{F08789F3-9E0B-4069-BE68-720FD8BB629D}.Release|Any CPU.Build.0 = Release|Any CPU
		{767F8787-594D-4532-9C73-E82C824BA100}.Debug|Any CPU.ActiveCfg = Debug|Any CPU
		{767F8787-594D-4532-9C73-E82C824BA100}.Debug|Any CPU.Build.0 = Debug|Any CPU
		{767F8787-594D-4532-9C73-E82C824BA100}.Release|Any CPU.ActiveCfg = Release|Any CPU
		{767F8787-594D-4532-9C73-E82C824BA100}.Release|Any CPU.Build.0 = Release|Any CPU
		{416E9A21-6E63-473B-87B7-271542B0D4D9}.Debug|Any CPU.ActiveCfg = Debug|Any CPU
		{416E9A21-6E63-473B-87B7-271542B0D4D9}.Debug|Any CPU.Build.0 = Debug|Any CPU
		{416E9A21-6E63-473B-87B7-271542B0D4D9}.Release|Any CPU.ActiveCfg = Release|Any CPU
		{416E9A21-6E63-473B-87B7-271542B0D4D9}.Release|Any CPU.Build.0 = Release|Any CPU
		{FDC9DA4D-EA29-442E-88A4-6284BEECA2D1}.Debug|Any CPU.ActiveCfg = Debug|Any CPU
		{FDC9DA4D-EA29-442E-88A4-6284BEECA2D1}.Debug|Any CPU.Build.0 = Debug|Any CPU
		{FDC9DA4D-EA29-442E-88A4-6284BEECA2D1}.Release|Any CPU.ActiveCfg = Release|Any CPU
		{FDC9DA4D-EA29-442E-88A4-6284BEECA2D1}.Release|Any CPU.Build.0 = Release|Any CPU
	EndGlobalSection
	GlobalSection(SolutionProperties) = preSolution
		HideSolutionNode = FALSE
	EndGlobalSection
	GlobalSection(NestedProjects) = preSolution
		{26EDAE29-4E8E-4468-9F07-09608AE7B88D} = {6ED356A7-8B47-4613-AD01-C85CF28491BD}
		{D76344F5-8A1C-4ACB-8738-8CCB2BC69984} = {6ED356A7-8B47-4613-AD01-C85CF28491BD}
		{9AA15447-9DF0-4B94-AF7C-A7DF83813138} = {6ED356A7-8B47-4613-AD01-C85CF28491BD}
		{F08789F3-9E0B-4069-BE68-720FD8BB629D} = {6ED356A7-8B47-4613-AD01-C85CF28491BD}
		{767F8787-594D-4532-9C73-E82C824BA100} = {6ED356A7-8B47-4613-AD01-C85CF28491BD}
		{416E9A21-6E63-473B-87B7-271542B0D4D9} = {664D406C-2F83-48F0-BFC3-408D5CB53C65}
		{FDC9DA4D-EA29-442E-88A4-6284BEECA2D1} = {664D406C-2F83-48F0-BFC3-408D5CB53C65}
	EndGlobalSection
	GlobalSection(ExtensibilityGlobals) = postSolution
		SolutionGuid = {3CB609D9-5D54-4C11-A371-DAAC8B74E430}
	EndGlobalSection
EndGlobal
